
Microsoft Visual Studio Solution File, Format Version 12.00
# Visual Studio 2013
VisualStudioVersion = 12.0.30501.0
MinimumVisualStudioVersion = 10.0.40219.1
Project("{FAE04EC0-301F-11D3-BF4B-00C04F79EFBC}") = "Bcfier", "Bcfier\Bcfier.csproj", "{503CE2C1-09D7-4F15-BB42-86196EE01ED4}"
EndProject
Project("{FAE04EC0-301F-11D3-BF4B-00C04F79EFBC}") = "Bcfier.Revit", "Bcfier.Revit\Bcfier.Revit.csproj", "{2D132990-5674-42DF-93BF-55BA8FDC6A23}"
EndProject
Project("{FAE04EC0-301F-11D3-BF4B-00C04F79EFBC}") = "Bcfier.Win", "Bcfier.Win\Bcfier.Win.csproj", "{3C03085B-63AD-4890-AC2C-A4DE31AF1A6B}"
EndProject
Global
	GlobalSection(SolutionConfigurationPlatforms) = preSolution
		Debug|Any CPU = Debug|Any CPU
		Release|Any CPU = Release|Any CPU
	EndGlobalSection
	GlobalSection(ProjectConfigurationPlatforms) = postSolution
		{503CE2C1-09D7-4F15-BB42-86196EE01ED4}.Debug|Any CPU.ActiveCfg = Debug|Any CPU
		{503CE2C1-09D7-4F15-BB42-86196EE01ED4}.Debug|Any CPU.Build.0 = Debug|Any CPU
		{503CE2C1-09D7-4F15-BB42-86196EE01ED4}.Release|Any CPU.ActiveCfg = Release|Any CPU
		{503CE2C1-09D7-4F15-BB42-86196EE01ED4}.Release|Any CPU.Build.0 = Release|Any CPU
		{2D132990-5674-42DF-93BF-55BA8FDC6A23}.Debug|Any CPU.ActiveCfg = Debug|Any CPU
		{2D132990-5674-42DF-93BF-55BA8FDC6A23}.Debug|Any CPU.Build.0 = Debug|Any CPU
		{2D132990-5674-42DF-93BF-55BA8FDC6A23}.Release|Any CPU.ActiveCfg = Release|Any CPU
		{2D132990-5674-42DF-93BF-55BA8FDC6A23}.Release|Any CPU.Build.0 = Release|Any CPU
		{3C03085B-63AD-4890-AC2C-A4DE31AF1A6B}.Debug|Any CPU.ActiveCfg = Debug|Any CPU
		{3C03085B-63AD-4890-AC2C-A4DE31AF1A6B}.Debug|Any CPU.Build.0 = Debug|Any CPU
		{3C03085B-63AD-4890-AC2C-A4DE31AF1A6B}.Release|Any CPU.ActiveCfg = Release|Any CPU
		{3C03085B-63AD-4890-AC2C-A4DE31AF1A6B}.Release|Any CPU.Build.0 = Release|Any CPU
	EndGlobalSection
	GlobalSection(SolutionProperties) = preSolution
		HideSolutionNode = FALSE
	EndGlobalSection
EndGlobal
