
Microsoft Visual Studio Solution File, Format Version 12.00
# Visual Studio 15
VisualStudioVersion = 15.0.26228.4
MinimumVisualStudioVersion = 10.0.40219.1
Project("{FAE04EC0-301F-11D3-BF4B-00C04F79EFBC}") = "Bcfier", "Bcfier\Bcfier.csproj", "{503CE2C1-09D7-4F15-BB42-86196EE01ED4}"
EndProject
Project("{FAE04EC0-301F-11D3-BF4B-00C04F79EFBC}") = "Bcfier.Revit", "Bcfier.Revit\Bcfier.Revit.csproj", "{2D132990-5674-42DF-93BF-55BA8FDC6A23}"
EndProject
Project("{FAE04EC0-301F-11D3-BF4B-00C04F79EFBC}") = "Bcfier.Win", "Bcfier.Win\Bcfier.Win.csproj", "{3C03085B-63AD-4890-AC2C-A4DE31AF1A6B}"
EndProject
Project("{FAE04EC0-301F-11D3-BF4B-00C04F79EFBC}") = "Bcfier.Navisworks", "Bcfier.Navisworks\Bcfier.Navisworks.csproj", "{CAF05B60-6A81-489D-B966-7B94F0D69AC7}"
EndProject
Project("{FAE04EC0-301F-11D3-BF4B-00C04F79EFBC}") = "Bcfier.XbimXplorer", "Bcfier.XbimXplorer\Bcfier.XbimXplorer.csproj", "{4CD7CA76-A40E-4DF4-831D-36B64818CC69}"
EndProject
Global
	GlobalSection(SolutionConfigurationPlatforms) = preSolution
		Debug|Any CPU = Debug|Any CPU
		Debug-2015|Any CPU = Debug-2015|Any CPU
		Debug-2016|Any CPU = Debug-2016|Any CPU
		Debug-2017|Any CPU = Debug-2017|Any CPU
		Debug-2018|Any CPU = Debug-2018|Any CPU
		Release|Any CPU = Release|Any CPU
		Release-2015|Any CPU = Release-2015|Any CPU
		Release-2016|Any CPU = Release-2016|Any CPU
		Release-2017|Any CPU = Release-2017|Any CPU
		Release-2018|Any CPU = Release-2018|Any CPU
	EndGlobalSection
	GlobalSection(ProjectConfigurationPlatforms) = postSolution
		{503CE2C1-09D7-4F15-BB42-86196EE01ED4}.Debug|Any CPU.ActiveCfg = Debug|Any CPU
		{503CE2C1-09D7-4F15-BB42-86196EE01ED4}.Debug|Any CPU.Build.0 = Debug|Any CPU
		{503CE2C1-09D7-4F15-BB42-86196EE01ED4}.Debug-2015|Any CPU.ActiveCfg = Debug|Any CPU
		{503CE2C1-09D7-4F15-BB42-86196EE01ED4}.Debug-2015|Any CPU.Build.0 = Debug|Any CPU
		{503CE2C1-09D7-4F15-BB42-86196EE01ED4}.Debug-2016|Any CPU.ActiveCfg = Debug|Any CPU
		{503CE2C1-09D7-4F15-BB42-86196EE01ED4}.Debug-2016|Any CPU.Build.0 = Debug|Any CPU
		{503CE2C1-09D7-4F15-BB42-86196EE01ED4}.Debug-2017|Any CPU.ActiveCfg = Debug|Any CPU
		{503CE2C1-09D7-4F15-BB42-86196EE01ED4}.Debug-2017|Any CPU.Build.0 = Debug|Any CPU
		{503CE2C1-09D7-4F15-BB42-86196EE01ED4}.Debug-2018|Any CPU.ActiveCfg = Debug|Any CPU
		{503CE2C1-09D7-4F15-BB42-86196EE01ED4}.Debug-2018|Any CPU.Build.0 = Debug|Any CPU
		{503CE2C1-09D7-4F15-BB42-86196EE01ED4}.Release|Any CPU.ActiveCfg = Release|Any CPU
		{503CE2C1-09D7-4F15-BB42-86196EE01ED4}.Release|Any CPU.Build.0 = Release|Any CPU
		{503CE2C1-09D7-4F15-BB42-86196EE01ED4}.Release-2015|Any CPU.ActiveCfg = Release|Any CPU
		{503CE2C1-09D7-4F15-BB42-86196EE01ED4}.Release-2015|Any CPU.Build.0 = Release|Any CPU
		{503CE2C1-09D7-4F15-BB42-86196EE01ED4}.Release-2016|Any CPU.ActiveCfg = Release|Any CPU
		{503CE2C1-09D7-4F15-BB42-86196EE01ED4}.Release-2016|Any CPU.Build.0 = Release|Any CPU
		{503CE2C1-09D7-4F15-BB42-86196EE01ED4}.Release-2017|Any CPU.ActiveCfg = Release|Any CPU
		{503CE2C1-09D7-4F15-BB42-86196EE01ED4}.Release-2017|Any CPU.Build.0 = Release|Any CPU
		{503CE2C1-09D7-4F15-BB42-86196EE01ED4}.Release-2018|Any CPU.ActiveCfg = Release|Any CPU
		{503CE2C1-09D7-4F15-BB42-86196EE01ED4}.Release-2018|Any CPU.Build.0 = Release|Any CPU
		{2D132990-5674-42DF-93BF-55BA8FDC6A23}.Debug|Any CPU.ActiveCfg = Debug|Any CPU
		{2D132990-5674-42DF-93BF-55BA8FDC6A23}.Debug-2015|Any CPU.ActiveCfg = Debug-2015|Any CPU
		{2D132990-5674-42DF-93BF-55BA8FDC6A23}.Debug-2015|Any CPU.Build.0 = Debug-2015|Any CPU
		{2D132990-5674-42DF-93BF-55BA8FDC6A23}.Debug-2016|Any CPU.ActiveCfg = Debug-2016|Any CPU
		{2D132990-5674-42DF-93BF-55BA8FDC6A23}.Debug-2016|Any CPU.Build.0 = Debug-2016|Any CPU
		{2D132990-5674-42DF-93BF-55BA8FDC6A23}.Debug-2017|Any CPU.ActiveCfg = Debug-2017|Any CPU
		{2D132990-5674-42DF-93BF-55BA8FDC6A23}.Debug-2017|Any CPU.Build.0 = Debug-2017|Any CPU
		{2D132990-5674-42DF-93BF-55BA8FDC6A23}.Debug-2018|Any CPU.ActiveCfg = Debug-2018|Any CPU
		{2D132990-5674-42DF-93BF-55BA8FDC6A23}.Debug-2018|Any CPU.Build.0 = Debug-2018|Any CPU
		{2D132990-5674-42DF-93BF-55BA8FDC6A23}.Release|Any CPU.ActiveCfg = Release|Any CPU
		{2D132990-5674-42DF-93BF-55BA8FDC6A23}.Release|Any CPU.Build.0 = Release|Any CPU
		{2D132990-5674-42DF-93BF-55BA8FDC6A23}.Release-2015|Any CPU.ActiveCfg = Release-2015|Any CPU
		{2D132990-5674-42DF-93BF-55BA8FDC6A23}.Release-2015|Any CPU.Build.0 = Release-2015|Any CPU
		{2D132990-5674-42DF-93BF-55BA8FDC6A23}.Release-2016|Any CPU.ActiveCfg = Release-2016|Any CPU
		{2D132990-5674-42DF-93BF-55BA8FDC6A23}.Release-2016|Any CPU.Build.0 = Release-2016|Any CPU
		{2D132990-5674-42DF-93BF-55BA8FDC6A23}.Release-2017|Any CPU.ActiveCfg = Release-2017|Any CPU
		{2D132990-5674-42DF-93BF-55BA8FDC6A23}.Release-2017|Any CPU.Build.0 = Release-2017|Any CPU
		{2D132990-5674-42DF-93BF-55BA8FDC6A23}.Release-2018|Any CPU.ActiveCfg = Release-2018|Any CPU
		{2D132990-5674-42DF-93BF-55BA8FDC6A23}.Release-2018|Any CPU.Build.0 = Release-2018|Any CPU
		{3C03085B-63AD-4890-AC2C-A4DE31AF1A6B}.Debug|Any CPU.ActiveCfg = Debug|Any CPU
		{3C03085B-63AD-4890-AC2C-A4DE31AF1A6B}.Debug|Any CPU.Build.0 = Debug|Any CPU
		{3C03085B-63AD-4890-AC2C-A4DE31AF1A6B}.Debug-2015|Any CPU.ActiveCfg = Debug|Any CPU
		{3C03085B-63AD-4890-AC2C-A4DE31AF1A6B}.Debug-2015|Any CPU.Build.0 = Debug|Any CPU
		{3C03085B-63AD-4890-AC2C-A4DE31AF1A6B}.Debug-2016|Any CPU.ActiveCfg = Debug|Any CPU
		{3C03085B-63AD-4890-AC2C-A4DE31AF1A6B}.Debug-2016|Any CPU.Build.0 = Debug|Any CPU
		{3C03085B-63AD-4890-AC2C-A4DE31AF1A6B}.Debug-2017|Any CPU.ActiveCfg = Debug|Any CPU
		{3C03085B-63AD-4890-AC2C-A4DE31AF1A6B}.Debug-2017|Any CPU.Build.0 = Debug|Any CPU
		{3C03085B-63AD-4890-AC2C-A4DE31AF1A6B}.Debug-2018|Any CPU.ActiveCfg = Debug|Any CPU
		{3C03085B-63AD-4890-AC2C-A4DE31AF1A6B}.Debug-2018|Any CPU.Build.0 = Debug|Any CPU
		{3C03085B-63AD-4890-AC2C-A4DE31AF1A6B}.Release|Any CPU.ActiveCfg = Release|Any CPU
		{3C03085B-63AD-4890-AC2C-A4DE31AF1A6B}.Release|Any CPU.Build.0 = Release|Any CPU
		{3C03085B-63AD-4890-AC2C-A4DE31AF1A6B}.Release-2015|Any CPU.ActiveCfg = Release|Any CPU
		{3C03085B-63AD-4890-AC2C-A4DE31AF1A6B}.Release-2015|Any CPU.Build.0 = Release|Any CPU
		{3C03085B-63AD-4890-AC2C-A4DE31AF1A6B}.Release-2016|Any CPU.ActiveCfg = Release|Any CPU
		{3C03085B-63AD-4890-AC2C-A4DE31AF1A6B}.Release-2016|Any CPU.Build.0 = Release|Any CPU
		{3C03085B-63AD-4890-AC2C-A4DE31AF1A6B}.Release-2017|Any CPU.ActiveCfg = Release|Any CPU
		{3C03085B-63AD-4890-AC2C-A4DE31AF1A6B}.Release-2017|Any CPU.Build.0 = Release|Any CPU
		{3C03085B-63AD-4890-AC2C-A4DE31AF1A6B}.Release-2018|Any CPU.ActiveCfg = Release|Any CPU
		{3C03085B-63AD-4890-AC2C-A4DE31AF1A6B}.Release-2018|Any CPU.Build.0 = Release|Any CPU
		{CAF05B60-6A81-489D-B966-7B94F0D69AC7}.Debug|Any CPU.ActiveCfg = Debug|Any CPU
		{CAF05B60-6A81-489D-B966-7B94F0D69AC7}.Debug|Any CPU.Build.0 = Debug|Any CPU
		{CAF05B60-6A81-489D-B966-7B94F0D69AC7}.Debug-2015|Any CPU.ActiveCfg = Debug-2015|Any CPU
		{CAF05B60-6A81-489D-B966-7B94F0D69AC7}.Debug-2015|Any CPU.Build.0 = Debug-2015|Any CPU
		{CAF05B60-6A81-489D-B966-7B94F0D69AC7}.Debug-2016|Any CPU.ActiveCfg = Debug-2016|Any CPU
		{CAF05B60-6A81-489D-B966-7B94F0D69AC7}.Debug-2016|Any CPU.Build.0 = Debug-2016|Any CPU
		{CAF05B60-6A81-489D-B966-7B94F0D69AC7}.Debug-2017|Any CPU.ActiveCfg = Debug-2017|Any CPU
		{CAF05B60-6A81-489D-B966-7B94F0D69AC7}.Debug-2017|Any CPU.Build.0 = Debug-2017|Any CPU
		{CAF05B60-6A81-489D-B966-7B94F0D69AC7}.Debug-2018|Any CPU.ActiveCfg = Debug-2017|Any CPU
		{CAF05B60-6A81-489D-B966-7B94F0D69AC7}.Release|Any CPU.ActiveCfg = Release|Any CPU
		{CAF05B60-6A81-489D-B966-7B94F0D69AC7}.Release|Any CPU.Build.0 = Release|Any CPU
		{CAF05B60-6A81-489D-B966-7B94F0D69AC7}.Release-2015|Any CPU.ActiveCfg = Release-2015|Any CPU
		{CAF05B60-6A81-489D-B966-7B94F0D69AC7}.Release-2015|Any CPU.Build.0 = Release-2015|Any CPU
		{CAF05B60-6A81-489D-B966-7B94F0D69AC7}.Release-2016|Any CPU.ActiveCfg = Release-2016|Any CPU
		{CAF05B60-6A81-489D-B966-7B94F0D69AC7}.Release-2016|Any CPU.Build.0 = Release-2016|Any CPU
		{CAF05B60-6A81-489D-B966-7B94F0D69AC7}.Release-2017|Any CPU.ActiveCfg = Release-2017|Any CPU
		{CAF05B60-6A81-489D-B966-7B94F0D69AC7}.Release-2017|Any CPU.Build.0 = Release-2017|Any CPU
		{CAF05B60-6A81-489D-B966-7B94F0D69AC7}.Release-2018|Any CPU.ActiveCfg = Release-2017|Any CPU
		{4CD7CA76-A40E-4DF4-831D-36B64818CC69}.Debug|Any CPU.ActiveCfg = Debug|Any CPU
		{4CD7CA76-A40E-4DF4-831D-36B64818CC69}.Debug|Any CPU.Build.0 = Debug|Any CPU
		{4CD7CA76-A40E-4DF4-831D-36B64818CC69}.Debug-2015|Any CPU.ActiveCfg = Debug|Any CPU
		{4CD7CA76-A40E-4DF4-831D-36B64818CC69}.Debug-2015|Any CPU.Build.0 = Debug|Any CPU
		{4CD7CA76-A40E-4DF4-831D-36B64818CC69}.Debug-2016|Any CPU.ActiveCfg = Debug|Any CPU
		{4CD7CA76-A40E-4DF4-831D-36B64818CC69}.Debug-2016|Any CPU.Build.0 = Debug|Any CPU
		{4CD7CA76-A40E-4DF4-831D-36B64818CC69}.Debug-2017|Any CPU.ActiveCfg = Debug|Any CPU
		{4CD7CA76-A40E-4DF4-831D-36B64818CC69}.Debug-2017|Any CPU.Build.0 = Debug|Any CPU
		{4CD7CA76-A40E-4DF4-831D-36B64818CC69}.Debug-2018|Any CPU.ActiveCfg = Debug|Any CPU
		{4CD7CA76-A40E-4DF4-831D-36B64818CC69}.Debug-2018|Any CPU.Build.0 = Debug|Any CPU
		{4CD7CA76-A40E-4DF4-831D-36B64818CC69}.Release|Any CPU.ActiveCfg = Release|Any CPU
		{4CD7CA76-A40E-4DF4-831D-36B64818CC69}.Release|Any CPU.Build.0 = Release|Any CPU
		{4CD7CA76-A40E-4DF4-831D-36B64818CC69}.Release-2015|Any CPU.ActiveCfg = Release|Any CPU
		{4CD7CA76-A40E-4DF4-831D-36B64818CC69}.Release-2015|Any CPU.Build.0 = Release|Any CPU
		{4CD7CA76-A40E-4DF4-831D-36B64818CC69}.Release-2016|Any CPU.ActiveCfg = Release|Any CPU
		{4CD7CA76-A40E-4DF4-831D-36B64818CC69}.Release-2016|Any CPU.Build.0 = Release|Any CPU
		{4CD7CA76-A40E-4DF4-831D-36B64818CC69}.Release-2017|Any CPU.ActiveCfg = Release|Any CPU
		{4CD7CA76-A40E-4DF4-831D-36B64818CC69}.Release-2017|Any CPU.Build.0 = Release|Any CPU
		{4CD7CA76-A40E-4DF4-831D-36B64818CC69}.Release-2018|Any CPU.ActiveCfg = Release|Any CPU
		{4CD7CA76-A40E-4DF4-831D-36B64818CC69}.Release-2018|Any CPU.Build.0 = Release|Any CPU
	EndGlobalSection
	GlobalSection(SolutionProperties) = preSolution
		HideSolutionNode = FALSE
	EndGlobalSection
EndGlobal
