
Microsoft Visual Studio Solution File, Format Version 12.00
# Visual Studio Version 16
VisualStudioVersion = 16.0.30204.135
MinimumVisualStudioVersion = 10.0.40219.1
Project("{2150E333-8FDC-42A3-9474-1A3956D46DE8}") = "Solution Items", "Solution Items", "{C185EC12-235E-4F88-8831-91F677F8DC90}"
	ProjectSection(SolutionItems) = preProject
		.editorconfig = .editorconfig
		CHANGELOG.md = CHANGELOG.md
		GitVersion.yml = GitVersion.yml
		Jenkinsfile = Jenkinsfile
		InnoSetup\OpenProject.iss = InnoSetup\OpenProject.iss
		README.md = README.md
	EndProjectSection
EndProject
Project("{9A19103F-16F7-4668-BE54-9A1E7A4F7556}") = "_build", "build\_build.csproj", "{09319316-391C-4F82-8EFE-82C2CAE539BD}"
EndProject
Project("{2150E333-8FDC-42A3-9474-1A3956D46DE8}") = "src", "src", "{B6823317-E2AC-47C9-944B-093A084DCB86}"
EndProject
Project("{9A19103F-16F7-4668-BE54-9A1E7A4F7556}") = "OpenProject.Revit", "src\OpenProject.Revit\OpenProject.Revit.csproj", "{4F1C0A21-9543-49D1-AA7E-F69EEA02F905}"
EndProject
Project("{9A19103F-16F7-4668-BE54-9A1E7A4F7556}") = "OpenProject", "src\OpenProject\OpenProject.csproj", "{8E95AEFD-8036-4588-BE15-9D852260B83A}"
EndProject
Project("{9A19103F-16F7-4668-BE54-9A1E7A4F7556}") = "OpenProject.Windows", "src\OpenProject.Windows\OpenProject.Windows.csproj", "{171002DA-A573-4549-BBB5-708277683B4D}"
EndProject
Project("{9A19103F-16F7-4668-BE54-9A1E7A4F7556}") = "OpenProject.Shared", "src\OpenProject.Shared\OpenProject.Shared.csproj", "{2388D458-990B-4573-B1EF-E13E27C3A003}"
EndProject
Project("{2150E333-8FDC-42A3-9474-1A3956D46DE8}") = "test", "test", "{A7C3B085-2345-4D50-8D75-16C4429D18C0}"
EndProject
Project("{FAE04EC0-301F-11D3-BF4B-00C04F79EFBC}") = "OpenProject.Tests", "test\OpenProject.Tests\OpenProject.Tests.csproj", "{C08A902A-404B-4CB9-A395-5743A4453733}"
EndProject
Global
	GlobalSection(SolutionConfigurationPlatforms) = preSolution
		Debug|Any CPU = Debug|Any CPU
		Debug|x64 = Debug|x64
		Debug|x86 = Debug|x86
		Debug-2015|Any CPU = Debug-2015|Any CPU
		Debug-2015|x64 = Debug-2015|x64
		Debug-2015|x86 = Debug-2015|x86
		Debug-2016|Any CPU = Debug-2016|Any CPU
		Debug-2016|x64 = Debug-2016|x64
		Debug-2016|x86 = Debug-2016|x86
		Debug-2017|Any CPU = Debug-2017|Any CPU
		Debug-2017|x64 = Debug-2017|x64
		Debug-2017|x86 = Debug-2017|x86
		Debug-2018|Any CPU = Debug-2018|Any CPU
		Debug-2018|x64 = Debug-2018|x64
		Debug-2018|x86 = Debug-2018|x86
		Debug-2019|Any CPU = Debug-2019|Any CPU
		Debug-2019|x64 = Debug-2019|x64
		Debug-2019|x86 = Debug-2019|x86
		Debug-2020|Any CPU = Debug-2020|Any CPU
		Debug-2020|x64 = Debug-2020|x64
		Debug-2020|x86 = Debug-2020|x86
		Release|Any CPU = Release|Any CPU
		Release|x64 = Release|x64
		Release|x86 = Release|x86
		Release-2015|Any CPU = Release-2015|Any CPU
		Release-2015|x64 = Release-2015|x64
		Release-2015|x86 = Release-2015|x86
		Release-2016|Any CPU = Release-2016|Any CPU
		Release-2016|x64 = Release-2016|x64
		Release-2016|x86 = Release-2016|x86
		Release-2017|Any CPU = Release-2017|Any CPU
		Release-2017|x64 = Release-2017|x64
		Release-2017|x86 = Release-2017|x86
		Release-2018|Any CPU = Release-2018|Any CPU
		Release-2018|x64 = Release-2018|x64
		Release-2018|x86 = Release-2018|x86
		Release-2019|Any CPU = Release-2019|Any CPU
		Release-2019|x64 = Release-2019|x64
		Release-2019|x86 = Release-2019|x86
		Release-2020|Any CPU = Release-2020|Any CPU
		Release-2020|x64 = Release-2020|x64
		Release-2020|x86 = Release-2020|x86
	EndGlobalSection
	GlobalSection(ProjectConfigurationPlatforms) = postSolution
		{09319316-391C-4F82-8EFE-82C2CAE539BD}.Debug|Any CPU.ActiveCfg = Debug|Any CPU
		{09319316-391C-4F82-8EFE-82C2CAE539BD}.Debug|x64.ActiveCfg = Debug|x64
		{09319316-391C-4F82-8EFE-82C2CAE539BD}.Debug|x86.ActiveCfg = Debug|x86
		{09319316-391C-4F82-8EFE-82C2CAE539BD}.Debug-2015|Any CPU.ActiveCfg = Debug|Any CPU
		{09319316-391C-4F82-8EFE-82C2CAE539BD}.Debug-2015|x64.ActiveCfg = Debug|x64
		{09319316-391C-4F82-8EFE-82C2CAE539BD}.Debug-2015|x64.Build.0 = Debug|x64
		{09319316-391C-4F82-8EFE-82C2CAE539BD}.Debug-2015|x86.ActiveCfg = Debug|x86
		{09319316-391C-4F82-8EFE-82C2CAE539BD}.Debug-2015|x86.Build.0 = Debug|x86
		{09319316-391C-4F82-8EFE-82C2CAE539BD}.Debug-2016|Any CPU.ActiveCfg = Debug|Any CPU
		{09319316-391C-4F82-8EFE-82C2CAE539BD}.Debug-2016|x64.ActiveCfg = Debug|x64
		{09319316-391C-4F82-8EFE-82C2CAE539BD}.Debug-2016|x64.Build.0 = Debug|x64
		{09319316-391C-4F82-8EFE-82C2CAE539BD}.Debug-2016|x86.ActiveCfg = Debug|x86
		{09319316-391C-4F82-8EFE-82C2CAE539BD}.Debug-2016|x86.Build.0 = Debug|x86
		{09319316-391C-4F82-8EFE-82C2CAE539BD}.Debug-2017|Any CPU.ActiveCfg = Debug|Any CPU
		{09319316-391C-4F82-8EFE-82C2CAE539BD}.Debug-2017|x64.ActiveCfg = Debug|x64
		{09319316-391C-4F82-8EFE-82C2CAE539BD}.Debug-2017|x64.Build.0 = Debug|x64
		{09319316-391C-4F82-8EFE-82C2CAE539BD}.Debug-2017|x86.ActiveCfg = Debug|x86
		{09319316-391C-4F82-8EFE-82C2CAE539BD}.Debug-2017|x86.Build.0 = Debug|x86
		{09319316-391C-4F82-8EFE-82C2CAE539BD}.Debug-2018|Any CPU.ActiveCfg = Debug|Any CPU
		{09319316-391C-4F82-8EFE-82C2CAE539BD}.Debug-2018|x64.ActiveCfg = Debug|x64
		{09319316-391C-4F82-8EFE-82C2CAE539BD}.Debug-2018|x64.Build.0 = Debug|x64
		{09319316-391C-4F82-8EFE-82C2CAE539BD}.Debug-2018|x86.ActiveCfg = Debug|x86
		{09319316-391C-4F82-8EFE-82C2CAE539BD}.Debug-2018|x86.Build.0 = Debug|x86
		{09319316-391C-4F82-8EFE-82C2CAE539BD}.Debug-2019|Any CPU.ActiveCfg = Debug|Any CPU
		{09319316-391C-4F82-8EFE-82C2CAE539BD}.Debug-2019|x64.ActiveCfg = Debug|x64
		{09319316-391C-4F82-8EFE-82C2CAE539BD}.Debug-2019|x64.Build.0 = Debug|x64
		{09319316-391C-4F82-8EFE-82C2CAE539BD}.Debug-2019|x86.ActiveCfg = Debug|x86
		{09319316-391C-4F82-8EFE-82C2CAE539BD}.Debug-2019|x86.Build.0 = Debug|x86
		{09319316-391C-4F82-8EFE-82C2CAE539BD}.Debug-2020|Any CPU.ActiveCfg = Debug|Any CPU
		{09319316-391C-4F82-8EFE-82C2CAE539BD}.Debug-2020|x64.ActiveCfg = Debug|x64
		{09319316-391C-4F82-8EFE-82C2CAE539BD}.Debug-2020|x64.Build.0 = Debug|x64
		{09319316-391C-4F82-8EFE-82C2CAE539BD}.Debug-2020|x86.ActiveCfg = Debug|x86
		{09319316-391C-4F82-8EFE-82C2CAE539BD}.Debug-2020|x86.Build.0 = Debug|x86
		{09319316-391C-4F82-8EFE-82C2CAE539BD}.Release|Any CPU.ActiveCfg = Release|Any CPU
		{09319316-391C-4F82-8EFE-82C2CAE539BD}.Release|x64.ActiveCfg = Release|x64
		{09319316-391C-4F82-8EFE-82C2CAE539BD}.Release|x86.ActiveCfg = Release|x86
		{09319316-391C-4F82-8EFE-82C2CAE539BD}.Release-2015|Any CPU.ActiveCfg = Release|Any CPU
		{09319316-391C-4F82-8EFE-82C2CAE539BD}.Release-2015|x64.ActiveCfg = Release|x64
		{09319316-391C-4F82-8EFE-82C2CAE539BD}.Release-2015|x64.Build.0 = Release|x64
		{09319316-391C-4F82-8EFE-82C2CAE539BD}.Release-2015|x86.ActiveCfg = Release|x86
		{09319316-391C-4F82-8EFE-82C2CAE539BD}.Release-2015|x86.Build.0 = Release|x86
		{09319316-391C-4F82-8EFE-82C2CAE539BD}.Release-2016|Any CPU.ActiveCfg = Release|Any CPU
		{09319316-391C-4F82-8EFE-82C2CAE539BD}.Release-2016|x64.ActiveCfg = Release|x64
		{09319316-391C-4F82-8EFE-82C2CAE539BD}.Release-2016|x64.Build.0 = Release|x64
		{09319316-391C-4F82-8EFE-82C2CAE539BD}.Release-2016|x86.ActiveCfg = Release|x86
		{09319316-391C-4F82-8EFE-82C2CAE539BD}.Release-2016|x86.Build.0 = Release|x86
		{09319316-391C-4F82-8EFE-82C2CAE539BD}.Release-2017|Any CPU.ActiveCfg = Release|Any CPU
		{09319316-391C-4F82-8EFE-82C2CAE539BD}.Release-2017|x64.ActiveCfg = Release|x64
		{09319316-391C-4F82-8EFE-82C2CAE539BD}.Release-2017|x64.Build.0 = Release|x64
		{09319316-391C-4F82-8EFE-82C2CAE539BD}.Release-2017|x86.ActiveCfg = Release|x86
		{09319316-391C-4F82-8EFE-82C2CAE539BD}.Release-2017|x86.Build.0 = Release|x86
		{09319316-391C-4F82-8EFE-82C2CAE539BD}.Release-2018|Any CPU.ActiveCfg = Release|Any CPU
		{09319316-391C-4F82-8EFE-82C2CAE539BD}.Release-2018|x64.ActiveCfg = Release|x64
		{09319316-391C-4F82-8EFE-82C2CAE539BD}.Release-2018|x64.Build.0 = Release|x64
		{09319316-391C-4F82-8EFE-82C2CAE539BD}.Release-2018|x86.ActiveCfg = Release|x86
		{09319316-391C-4F82-8EFE-82C2CAE539BD}.Release-2018|x86.Build.0 = Release|x86
		{09319316-391C-4F82-8EFE-82C2CAE539BD}.Release-2019|Any CPU.ActiveCfg = Release|Any CPU
		{09319316-391C-4F82-8EFE-82C2CAE539BD}.Release-2019|x64.ActiveCfg = Release|x64
		{09319316-391C-4F82-8EFE-82C2CAE539BD}.Release-2019|x64.Build.0 = Release|x64
		{09319316-391C-4F82-8EFE-82C2CAE539BD}.Release-2019|x86.ActiveCfg = Release|x86
		{09319316-391C-4F82-8EFE-82C2CAE539BD}.Release-2019|x86.Build.0 = Release|x86
		{09319316-391C-4F82-8EFE-82C2CAE539BD}.Release-2020|Any CPU.ActiveCfg = Release|Any CPU
		{09319316-391C-4F82-8EFE-82C2CAE539BD}.Release-2020|x64.ActiveCfg = Release|x64
		{09319316-391C-4F82-8EFE-82C2CAE539BD}.Release-2020|x86.ActiveCfg = Release|x86
		{09319316-391C-4F82-8EFE-82C2CAE539BD}.Release-2020|x86.Build.0 = Release|x86
		{4F1C0A21-9543-49D1-AA7E-F69EEA02F905}.Debug|Any CPU.ActiveCfg = Debug|x64
		{4F1C0A21-9543-49D1-AA7E-F69EEA02F905}.Debug|x64.ActiveCfg = Debug|x64
		{4F1C0A21-9543-49D1-AA7E-F69EEA02F905}.Debug|x64.Build.0 = Debug|x64
		{4F1C0A21-9543-49D1-AA7E-F69EEA02F905}.Debug|x86.ActiveCfg = Debug|x64
		{4F1C0A21-9543-49D1-AA7E-F69EEA02F905}.Debug-2015|Any CPU.ActiveCfg = Release|x64
		{4F1C0A21-9543-49D1-AA7E-F69EEA02F905}.Debug-2015|Any CPU.Build.0 = Release|x64
		{4F1C0A21-9543-49D1-AA7E-F69EEA02F905}.Debug-2015|x64.ActiveCfg = Debug|x64
		{4F1C0A21-9543-49D1-AA7E-F69EEA02F905}.Debug-2015|x64.Build.0 = Debug|x64
		{4F1C0A21-9543-49D1-AA7E-F69EEA02F905}.Debug-2015|x86.ActiveCfg = Release|x64
		{4F1C0A21-9543-49D1-AA7E-F69EEA02F905}.Debug-2015|x86.Build.0 = Release|x64
		{4F1C0A21-9543-49D1-AA7E-F69EEA02F905}.Debug-2016|Any CPU.ActiveCfg = Release|x64
		{4F1C0A21-9543-49D1-AA7E-F69EEA02F905}.Debug-2016|Any CPU.Build.0 = Release|x64
		{4F1C0A21-9543-49D1-AA7E-F69EEA02F905}.Debug-2016|x64.ActiveCfg = Debug|x64
		{4F1C0A21-9543-49D1-AA7E-F69EEA02F905}.Debug-2016|x64.Build.0 = Debug|x64
		{4F1C0A21-9543-49D1-AA7E-F69EEA02F905}.Debug-2016|x86.ActiveCfg = Release|x64
		{4F1C0A21-9543-49D1-AA7E-F69EEA02F905}.Debug-2016|x86.Build.0 = Release|x64
		{4F1C0A21-9543-49D1-AA7E-F69EEA02F905}.Debug-2017|Any CPU.ActiveCfg = Release|x64
		{4F1C0A21-9543-49D1-AA7E-F69EEA02F905}.Debug-2017|Any CPU.Build.0 = Release|x64
		{4F1C0A21-9543-49D1-AA7E-F69EEA02F905}.Debug-2017|x64.ActiveCfg = Debug|x64
		{4F1C0A21-9543-49D1-AA7E-F69EEA02F905}.Debug-2017|x64.Build.0 = Debug|x64
		{4F1C0A21-9543-49D1-AA7E-F69EEA02F905}.Debug-2017|x86.ActiveCfg = Release|x64
		{4F1C0A21-9543-49D1-AA7E-F69EEA02F905}.Debug-2017|x86.Build.0 = Release|x64
		{4F1C0A21-9543-49D1-AA7E-F69EEA02F905}.Debug-2018|Any CPU.ActiveCfg = Release|x64
		{4F1C0A21-9543-49D1-AA7E-F69EEA02F905}.Debug-2018|Any CPU.Build.0 = Release|x64
		{4F1C0A21-9543-49D1-AA7E-F69EEA02F905}.Debug-2018|x64.ActiveCfg = Debug|x64
		{4F1C0A21-9543-49D1-AA7E-F69EEA02F905}.Debug-2018|x64.Build.0 = Debug|x64
		{4F1C0A21-9543-49D1-AA7E-F69EEA02F905}.Debug-2018|x86.ActiveCfg = Release|x64
		{4F1C0A21-9543-49D1-AA7E-F69EEA02F905}.Debug-2018|x86.Build.0 = Release|x64
		{4F1C0A21-9543-49D1-AA7E-F69EEA02F905}.Debug-2019|Any CPU.ActiveCfg = Release|x64
		{4F1C0A21-9543-49D1-AA7E-F69EEA02F905}.Debug-2019|Any CPU.Build.0 = Release|x64
		{4F1C0A21-9543-49D1-AA7E-F69EEA02F905}.Debug-2019|x64.ActiveCfg = Debug|x64
		{4F1C0A21-9543-49D1-AA7E-F69EEA02F905}.Debug-2019|x64.Build.0 = Debug|x64
		{4F1C0A21-9543-49D1-AA7E-F69EEA02F905}.Debug-2019|x86.ActiveCfg = Release|x64
		{4F1C0A21-9543-49D1-AA7E-F69EEA02F905}.Debug-2019|x86.Build.0 = Release|x64
		{4F1C0A21-9543-49D1-AA7E-F69EEA02F905}.Debug-2020|Any CPU.ActiveCfg = Release|x64
		{4F1C0A21-9543-49D1-AA7E-F69EEA02F905}.Debug-2020|Any CPU.Build.0 = Release|x64
		{4F1C0A21-9543-49D1-AA7E-F69EEA02F905}.Debug-2020|x64.ActiveCfg = Debug-2020|x64
		{4F1C0A21-9543-49D1-AA7E-F69EEA02F905}.Debug-2020|x64.Build.0 = Debug-2020|x64
		{4F1C0A21-9543-49D1-AA7E-F69EEA02F905}.Debug-2020|x86.ActiveCfg = Release|x64
		{4F1C0A21-9543-49D1-AA7E-F69EEA02F905}.Debug-2020|x86.Build.0 = Release|x64
		{4F1C0A21-9543-49D1-AA7E-F69EEA02F905}.Release|Any CPU.ActiveCfg = Release|x64
		{4F1C0A21-9543-49D1-AA7E-F69EEA02F905}.Release|x64.ActiveCfg = Release|x64
		{4F1C0A21-9543-49D1-AA7E-F69EEA02F905}.Release|x64.Build.0 = Release|x64
		{4F1C0A21-9543-49D1-AA7E-F69EEA02F905}.Release|x86.ActiveCfg = Release|x64
		{4F1C0A21-9543-49D1-AA7E-F69EEA02F905}.Release-2015|Any CPU.ActiveCfg = Release|x64
		{4F1C0A21-9543-49D1-AA7E-F69EEA02F905}.Release-2015|Any CPU.Build.0 = Release|x64
		{4F1C0A21-9543-49D1-AA7E-F69EEA02F905}.Release-2015|x64.ActiveCfg = Release|x64
		{4F1C0A21-9543-49D1-AA7E-F69EEA02F905}.Release-2015|x64.Build.0 = Release|x64
		{4F1C0A21-9543-49D1-AA7E-F69EEA02F905}.Release-2015|x86.ActiveCfg = Release|x64
		{4F1C0A21-9543-49D1-AA7E-F69EEA02F905}.Release-2015|x86.Build.0 = Release|x64
		{4F1C0A21-9543-49D1-AA7E-F69EEA02F905}.Release-2016|Any CPU.ActiveCfg = Release|x64
		{4F1C0A21-9543-49D1-AA7E-F69EEA02F905}.Release-2016|Any CPU.Build.0 = Release|x64
		{4F1C0A21-9543-49D1-AA7E-F69EEA02F905}.Release-2016|x64.ActiveCfg = Release|x64
		{4F1C0A21-9543-49D1-AA7E-F69EEA02F905}.Release-2016|x64.Build.0 = Release|x64
		{4F1C0A21-9543-49D1-AA7E-F69EEA02F905}.Release-2016|x86.ActiveCfg = Release|x64
		{4F1C0A21-9543-49D1-AA7E-F69EEA02F905}.Release-2016|x86.Build.0 = Release|x64
		{4F1C0A21-9543-49D1-AA7E-F69EEA02F905}.Release-2017|Any CPU.ActiveCfg = Release|x64
		{4F1C0A21-9543-49D1-AA7E-F69EEA02F905}.Release-2017|Any CPU.Build.0 = Release|x64
		{4F1C0A21-9543-49D1-AA7E-F69EEA02F905}.Release-2017|x64.ActiveCfg = Release|x64
		{4F1C0A21-9543-49D1-AA7E-F69EEA02F905}.Release-2017|x64.Build.0 = Release|x64
		{4F1C0A21-9543-49D1-AA7E-F69EEA02F905}.Release-2017|x86.ActiveCfg = Release|x64
		{4F1C0A21-9543-49D1-AA7E-F69EEA02F905}.Release-2017|x86.Build.0 = Release|x64
		{4F1C0A21-9543-49D1-AA7E-F69EEA02F905}.Release-2018|Any CPU.ActiveCfg = Release|x64
		{4F1C0A21-9543-49D1-AA7E-F69EEA02F905}.Release-2018|Any CPU.Build.0 = Release|x64
		{4F1C0A21-9543-49D1-AA7E-F69EEA02F905}.Release-2018|x64.ActiveCfg = Release|x64
		{4F1C0A21-9543-49D1-AA7E-F69EEA02F905}.Release-2018|x64.Build.0 = Release|x64
		{4F1C0A21-9543-49D1-AA7E-F69EEA02F905}.Release-2018|x86.ActiveCfg = Release|x64
		{4F1C0A21-9543-49D1-AA7E-F69EEA02F905}.Release-2018|x86.Build.0 = Release|x64
		{4F1C0A21-9543-49D1-AA7E-F69EEA02F905}.Release-2019|Any CPU.ActiveCfg = Release|x64
		{4F1C0A21-9543-49D1-AA7E-F69EEA02F905}.Release-2019|Any CPU.Build.0 = Release|x64
		{4F1C0A21-9543-49D1-AA7E-F69EEA02F905}.Release-2019|x64.ActiveCfg = Release|x64
		{4F1C0A21-9543-49D1-AA7E-F69EEA02F905}.Release-2019|x64.Build.0 = Release|x64
		{4F1C0A21-9543-49D1-AA7E-F69EEA02F905}.Release-2019|x86.ActiveCfg = Release|x64
		{4F1C0A21-9543-49D1-AA7E-F69EEA02F905}.Release-2019|x86.Build.0 = Release|x64
		{4F1C0A21-9543-49D1-AA7E-F69EEA02F905}.Release-2020|Any CPU.ActiveCfg = Release|x64
		{4F1C0A21-9543-49D1-AA7E-F69EEA02F905}.Release-2020|Any CPU.Build.0 = Release|x64
		{4F1C0A21-9543-49D1-AA7E-F69EEA02F905}.Release-2020|x64.ActiveCfg = Release|x64
		{4F1C0A21-9543-49D1-AA7E-F69EEA02F905}.Release-2020|x64.Build.0 = Release|x64
		{4F1C0A21-9543-49D1-AA7E-F69EEA02F905}.Release-2020|x86.ActiveCfg = Release|x64
		{4F1C0A21-9543-49D1-AA7E-F69EEA02F905}.Release-2020|x86.Build.0 = Release|x64
		{8E95AEFD-8036-4588-BE15-9D852260B83A}.Debug|Any CPU.ActiveCfg = Debug|Any CPU
		{8E95AEFD-8036-4588-BE15-9D852260B83A}.Debug|Any CPU.Build.0 = Debug|Any CPU
		{8E95AEFD-8036-4588-BE15-9D852260B83A}.Debug|x64.ActiveCfg = Debug|Any CPU
		{8E95AEFD-8036-4588-BE15-9D852260B83A}.Debug|x64.Build.0 = Debug|Any CPU
		{8E95AEFD-8036-4588-BE15-9D852260B83A}.Debug|x86.ActiveCfg = Debug|Any CPU
		{8E95AEFD-8036-4588-BE15-9D852260B83A}.Debug|x86.Build.0 = Debug|Any CPU
		{8E95AEFD-8036-4588-BE15-9D852260B83A}.Debug-2015|Any CPU.ActiveCfg = Debug|Any CPU
		{8E95AEFD-8036-4588-BE15-9D852260B83A}.Debug-2015|Any CPU.Build.0 = Debug|Any CPU
		{8E95AEFD-8036-4588-BE15-9D852260B83A}.Debug-2015|x64.ActiveCfg = Debug|Any CPU
		{8E95AEFD-8036-4588-BE15-9D852260B83A}.Debug-2015|x64.Build.0 = Debug|Any CPU
		{8E95AEFD-8036-4588-BE15-9D852260B83A}.Debug-2015|x86.ActiveCfg = Debug|Any CPU
		{8E95AEFD-8036-4588-BE15-9D852260B83A}.Debug-2015|x86.Build.0 = Debug|Any CPU
		{8E95AEFD-8036-4588-BE15-9D852260B83A}.Debug-2016|Any CPU.ActiveCfg = Debug|Any CPU
		{8E95AEFD-8036-4588-BE15-9D852260B83A}.Debug-2016|Any CPU.Build.0 = Debug|Any CPU
		{8E95AEFD-8036-4588-BE15-9D852260B83A}.Debug-2016|x64.ActiveCfg = Debug|Any CPU
		{8E95AEFD-8036-4588-BE15-9D852260B83A}.Debug-2016|x64.Build.0 = Debug|Any CPU
		{8E95AEFD-8036-4588-BE15-9D852260B83A}.Debug-2016|x86.ActiveCfg = Debug|Any CPU
		{8E95AEFD-8036-4588-BE15-9D852260B83A}.Debug-2016|x86.Build.0 = Debug|Any CPU
		{8E95AEFD-8036-4588-BE15-9D852260B83A}.Debug-2017|Any CPU.ActiveCfg = Debug|Any CPU
		{8E95AEFD-8036-4588-BE15-9D852260B83A}.Debug-2017|Any CPU.Build.0 = Debug|Any CPU
		{8E95AEFD-8036-4588-BE15-9D852260B83A}.Debug-2017|x64.ActiveCfg = Debug|Any CPU
		{8E95AEFD-8036-4588-BE15-9D852260B83A}.Debug-2017|x64.Build.0 = Debug|Any CPU
		{8E95AEFD-8036-4588-BE15-9D852260B83A}.Debug-2017|x86.ActiveCfg = Debug|Any CPU
		{8E95AEFD-8036-4588-BE15-9D852260B83A}.Debug-2017|x86.Build.0 = Debug|Any CPU
		{8E95AEFD-8036-4588-BE15-9D852260B83A}.Debug-2018|Any CPU.ActiveCfg = Debug|Any CPU
		{8E95AEFD-8036-4588-BE15-9D852260B83A}.Debug-2018|Any CPU.Build.0 = Debug|Any CPU
		{8E95AEFD-8036-4588-BE15-9D852260B83A}.Debug-2018|x64.ActiveCfg = Debug|Any CPU
		{8E95AEFD-8036-4588-BE15-9D852260B83A}.Debug-2018|x64.Build.0 = Debug|Any CPU
		{8E95AEFD-8036-4588-BE15-9D852260B83A}.Debug-2018|x86.ActiveCfg = Debug|Any CPU
		{8E95AEFD-8036-4588-BE15-9D852260B83A}.Debug-2018|x86.Build.0 = Debug|Any CPU
		{8E95AEFD-8036-4588-BE15-9D852260B83A}.Debug-2019|Any CPU.ActiveCfg = Debug|Any CPU
		{8E95AEFD-8036-4588-BE15-9D852260B83A}.Debug-2019|Any CPU.Build.0 = Debug|Any CPU
		{8E95AEFD-8036-4588-BE15-9D852260B83A}.Debug-2019|x64.ActiveCfg = Debug|Any CPU
		{8E95AEFD-8036-4588-BE15-9D852260B83A}.Debug-2019|x64.Build.0 = Debug|Any CPU
		{8E95AEFD-8036-4588-BE15-9D852260B83A}.Debug-2019|x86.ActiveCfg = Debug|Any CPU
		{8E95AEFD-8036-4588-BE15-9D852260B83A}.Debug-2019|x86.Build.0 = Debug|Any CPU
		{8E95AEFD-8036-4588-BE15-9D852260B83A}.Debug-2020|Any CPU.ActiveCfg = Debug|Any CPU
		{8E95AEFD-8036-4588-BE15-9D852260B83A}.Debug-2020|Any CPU.Build.0 = Debug|Any CPU
		{8E95AEFD-8036-4588-BE15-9D852260B83A}.Debug-2020|x64.ActiveCfg = Debug|Any CPU
		{8E95AEFD-8036-4588-BE15-9D852260B83A}.Debug-2020|x64.Build.0 = Debug|Any CPU
		{8E95AEFD-8036-4588-BE15-9D852260B83A}.Debug-2020|x86.ActiveCfg = Debug|Any CPU
		{8E95AEFD-8036-4588-BE15-9D852260B83A}.Debug-2020|x86.Build.0 = Debug|Any CPU
		{8E95AEFD-8036-4588-BE15-9D852260B83A}.Release|Any CPU.ActiveCfg = Release|Any CPU
		{8E95AEFD-8036-4588-BE15-9D852260B83A}.Release|Any CPU.Build.0 = Release|Any CPU
		{8E95AEFD-8036-4588-BE15-9D852260B83A}.Release|x64.ActiveCfg = Release|x64
		{8E95AEFD-8036-4588-BE15-9D852260B83A}.Release|x64.Build.0 = Release|x64
		{8E95AEFD-8036-4588-BE15-9D852260B83A}.Release|x86.ActiveCfg = Release|Any CPU
		{8E95AEFD-8036-4588-BE15-9D852260B83A}.Release|x86.Build.0 = Release|Any CPU
		{8E95AEFD-8036-4588-BE15-9D852260B83A}.Release-2015|Any CPU.ActiveCfg = Release|Any CPU
		{8E95AEFD-8036-4588-BE15-9D852260B83A}.Release-2015|Any CPU.Build.0 = Release|Any CPU
		{8E95AEFD-8036-4588-BE15-9D852260B83A}.Release-2015|x64.ActiveCfg = Release|Any CPU
		{8E95AEFD-8036-4588-BE15-9D852260B83A}.Release-2015|x64.Build.0 = Release|Any CPU
		{8E95AEFD-8036-4588-BE15-9D852260B83A}.Release-2015|x86.ActiveCfg = Release|Any CPU
		{8E95AEFD-8036-4588-BE15-9D852260B83A}.Release-2015|x86.Build.0 = Release|Any CPU
		{8E95AEFD-8036-4588-BE15-9D852260B83A}.Release-2016|Any CPU.ActiveCfg = Release|Any CPU
		{8E95AEFD-8036-4588-BE15-9D852260B83A}.Release-2016|Any CPU.Build.0 = Release|Any CPU
		{8E95AEFD-8036-4588-BE15-9D852260B83A}.Release-2016|x64.ActiveCfg = Release|Any CPU
		{8E95AEFD-8036-4588-BE15-9D852260B83A}.Release-2016|x64.Build.0 = Release|Any CPU
		{8E95AEFD-8036-4588-BE15-9D852260B83A}.Release-2016|x86.ActiveCfg = Release|Any CPU
		{8E95AEFD-8036-4588-BE15-9D852260B83A}.Release-2016|x86.Build.0 = Release|Any CPU
		{8E95AEFD-8036-4588-BE15-9D852260B83A}.Release-2017|Any CPU.ActiveCfg = Release|Any CPU
		{8E95AEFD-8036-4588-BE15-9D852260B83A}.Release-2017|Any CPU.Build.0 = Release|Any CPU
		{8E95AEFD-8036-4588-BE15-9D852260B83A}.Release-2017|x64.ActiveCfg = Release|Any CPU
		{8E95AEFD-8036-4588-BE15-9D852260B83A}.Release-2017|x64.Build.0 = Release|Any CPU
		{8E95AEFD-8036-4588-BE15-9D852260B83A}.Release-2017|x86.ActiveCfg = Release|Any CPU
		{8E95AEFD-8036-4588-BE15-9D852260B83A}.Release-2017|x86.Build.0 = Release|Any CPU
		{8E95AEFD-8036-4588-BE15-9D852260B83A}.Release-2018|Any CPU.ActiveCfg = Release|Any CPU
		{8E95AEFD-8036-4588-BE15-9D852260B83A}.Release-2018|Any CPU.Build.0 = Release|Any CPU
		{8E95AEFD-8036-4588-BE15-9D852260B83A}.Release-2018|x64.ActiveCfg = Release|Any CPU
		{8E95AEFD-8036-4588-BE15-9D852260B83A}.Release-2018|x64.Build.0 = Release|Any CPU
		{8E95AEFD-8036-4588-BE15-9D852260B83A}.Release-2018|x86.ActiveCfg = Release|Any CPU
		{8E95AEFD-8036-4588-BE15-9D852260B83A}.Release-2018|x86.Build.0 = Release|Any CPU
		{8E95AEFD-8036-4588-BE15-9D852260B83A}.Release-2019|Any CPU.ActiveCfg = Release|Any CPU
		{8E95AEFD-8036-4588-BE15-9D852260B83A}.Release-2019|Any CPU.Build.0 = Release|Any CPU
		{8E95AEFD-8036-4588-BE15-9D852260B83A}.Release-2019|x64.ActiveCfg = Release|Any CPU
		{8E95AEFD-8036-4588-BE15-9D852260B83A}.Release-2019|x64.Build.0 = Release|Any CPU
		{8E95AEFD-8036-4588-BE15-9D852260B83A}.Release-2019|x86.ActiveCfg = Release|Any CPU
		{8E95AEFD-8036-4588-BE15-9D852260B83A}.Release-2019|x86.Build.0 = Release|Any CPU
		{8E95AEFD-8036-4588-BE15-9D852260B83A}.Release-2020|Any CPU.ActiveCfg = Release|Any CPU
		{8E95AEFD-8036-4588-BE15-9D852260B83A}.Release-2020|Any CPU.Build.0 = Release|Any CPU
		{8E95AEFD-8036-4588-BE15-9D852260B83A}.Release-2020|x64.ActiveCfg = Release|Any CPU
		{8E95AEFD-8036-4588-BE15-9D852260B83A}.Release-2020|x64.Build.0 = Release|Any CPU
		{8E95AEFD-8036-4588-BE15-9D852260B83A}.Release-2020|x86.ActiveCfg = Release|Any CPU
		{8E95AEFD-8036-4588-BE15-9D852260B83A}.Release-2020|x86.Build.0 = Release|Any CPU
		{171002DA-A573-4549-BBB5-708277683B4D}.Debug|Any CPU.ActiveCfg = Debug|Any CPU
		{171002DA-A573-4549-BBB5-708277683B4D}.Debug|Any CPU.Build.0 = Debug|Any CPU
		{171002DA-A573-4549-BBB5-708277683B4D}.Debug|x64.ActiveCfg = Debug|Any CPU
		{171002DA-A573-4549-BBB5-708277683B4D}.Debug|x64.Build.0 = Debug|Any CPU
		{171002DA-A573-4549-BBB5-708277683B4D}.Debug|x86.ActiveCfg = Debug|Any CPU
		{171002DA-A573-4549-BBB5-708277683B4D}.Debug|x86.Build.0 = Debug|Any CPU
		{171002DA-A573-4549-BBB5-708277683B4D}.Debug-2015|Any CPU.ActiveCfg = Debug|Any CPU
		{171002DA-A573-4549-BBB5-708277683B4D}.Debug-2015|Any CPU.Build.0 = Debug|Any CPU
		{171002DA-A573-4549-BBB5-708277683B4D}.Debug-2015|x64.ActiveCfg = Debug|Any CPU
		{171002DA-A573-4549-BBB5-708277683B4D}.Debug-2015|x64.Build.0 = Debug|Any CPU
		{171002DA-A573-4549-BBB5-708277683B4D}.Debug-2015|x86.ActiveCfg = Debug|Any CPU
		{171002DA-A573-4549-BBB5-708277683B4D}.Debug-2015|x86.Build.0 = Debug|Any CPU
		{171002DA-A573-4549-BBB5-708277683B4D}.Debug-2016|Any CPU.ActiveCfg = Debug|Any CPU
		{171002DA-A573-4549-BBB5-708277683B4D}.Debug-2016|Any CPU.Build.0 = Debug|Any CPU
		{171002DA-A573-4549-BBB5-708277683B4D}.Debug-2016|x64.ActiveCfg = Debug|Any CPU
		{171002DA-A573-4549-BBB5-708277683B4D}.Debug-2016|x64.Build.0 = Debug|Any CPU
		{171002DA-A573-4549-BBB5-708277683B4D}.Debug-2016|x86.ActiveCfg = Debug|Any CPU
		{171002DA-A573-4549-BBB5-708277683B4D}.Debug-2016|x86.Build.0 = Debug|Any CPU
		{171002DA-A573-4549-BBB5-708277683B4D}.Debug-2017|Any CPU.ActiveCfg = Debug|Any CPU
		{171002DA-A573-4549-BBB5-708277683B4D}.Debug-2017|Any CPU.Build.0 = Debug|Any CPU
		{171002DA-A573-4549-BBB5-708277683B4D}.Debug-2017|x64.ActiveCfg = Debug|Any CPU
		{171002DA-A573-4549-BBB5-708277683B4D}.Debug-2017|x64.Build.0 = Debug|Any CPU
		{171002DA-A573-4549-BBB5-708277683B4D}.Debug-2017|x86.ActiveCfg = Debug|Any CPU
		{171002DA-A573-4549-BBB5-708277683B4D}.Debug-2017|x86.Build.0 = Debug|Any CPU
		{171002DA-A573-4549-BBB5-708277683B4D}.Debug-2018|Any CPU.ActiveCfg = Debug|Any CPU
		{171002DA-A573-4549-BBB5-708277683B4D}.Debug-2018|Any CPU.Build.0 = Debug|Any CPU
		{171002DA-A573-4549-BBB5-708277683B4D}.Debug-2018|x64.ActiveCfg = Debug|Any CPU
		{171002DA-A573-4549-BBB5-708277683B4D}.Debug-2018|x64.Build.0 = Debug|Any CPU
		{171002DA-A573-4549-BBB5-708277683B4D}.Debug-2018|x86.ActiveCfg = Debug|Any CPU
		{171002DA-A573-4549-BBB5-708277683B4D}.Debug-2018|x86.Build.0 = Debug|Any CPU
		{171002DA-A573-4549-BBB5-708277683B4D}.Debug-2019|Any CPU.ActiveCfg = Debug|Any CPU
		{171002DA-A573-4549-BBB5-708277683B4D}.Debug-2019|Any CPU.Build.0 = Debug|Any CPU
		{171002DA-A573-4549-BBB5-708277683B4D}.Debug-2019|x64.ActiveCfg = Debug|Any CPU
		{171002DA-A573-4549-BBB5-708277683B4D}.Debug-2019|x64.Build.0 = Debug|Any CPU
		{171002DA-A573-4549-BBB5-708277683B4D}.Debug-2019|x86.ActiveCfg = Debug|Any CPU
		{171002DA-A573-4549-BBB5-708277683B4D}.Debug-2019|x86.Build.0 = Debug|Any CPU
		{171002DA-A573-4549-BBB5-708277683B4D}.Debug-2020|Any CPU.ActiveCfg = Debug|Any CPU
		{171002DA-A573-4549-BBB5-708277683B4D}.Debug-2020|Any CPU.Build.0 = Debug|Any CPU
		{171002DA-A573-4549-BBB5-708277683B4D}.Debug-2020|x64.ActiveCfg = Debug|Any CPU
		{171002DA-A573-4549-BBB5-708277683B4D}.Debug-2020|x64.Build.0 = Debug|Any CPU
		{171002DA-A573-4549-BBB5-708277683B4D}.Debug-2020|x86.ActiveCfg = Debug|Any CPU
		{171002DA-A573-4549-BBB5-708277683B4D}.Debug-2020|x86.Build.0 = Debug|Any CPU
		{171002DA-A573-4549-BBB5-708277683B4D}.Release|Any CPU.ActiveCfg = Release|Any CPU
		{171002DA-A573-4549-BBB5-708277683B4D}.Release|Any CPU.Build.0 = Release|Any CPU
		{171002DA-A573-4549-BBB5-708277683B4D}.Release|x64.ActiveCfg = Release|x64
		{171002DA-A573-4549-BBB5-708277683B4D}.Release|x64.Build.0 = Release|x64
		{171002DA-A573-4549-BBB5-708277683B4D}.Release|x86.ActiveCfg = Release|Any CPU
		{171002DA-A573-4549-BBB5-708277683B4D}.Release|x86.Build.0 = Release|Any CPU
		{171002DA-A573-4549-BBB5-708277683B4D}.Release-2015|Any CPU.ActiveCfg = Release|Any CPU
		{171002DA-A573-4549-BBB5-708277683B4D}.Release-2015|Any CPU.Build.0 = Release|Any CPU
		{171002DA-A573-4549-BBB5-708277683B4D}.Release-2015|x64.ActiveCfg = Release|Any CPU
		{171002DA-A573-4549-BBB5-708277683B4D}.Release-2015|x64.Build.0 = Release|Any CPU
		{171002DA-A573-4549-BBB5-708277683B4D}.Release-2015|x86.ActiveCfg = Release|Any CPU
		{171002DA-A573-4549-BBB5-708277683B4D}.Release-2015|x86.Build.0 = Release|Any CPU
		{171002DA-A573-4549-BBB5-708277683B4D}.Release-2016|Any CPU.ActiveCfg = Release|Any CPU
		{171002DA-A573-4549-BBB5-708277683B4D}.Release-2016|Any CPU.Build.0 = Release|Any CPU
		{171002DA-A573-4549-BBB5-708277683B4D}.Release-2016|x64.ActiveCfg = Release|Any CPU
		{171002DA-A573-4549-BBB5-708277683B4D}.Release-2016|x64.Build.0 = Release|Any CPU
		{171002DA-A573-4549-BBB5-708277683B4D}.Release-2016|x86.ActiveCfg = Release|Any CPU
		{171002DA-A573-4549-BBB5-708277683B4D}.Release-2016|x86.Build.0 = Release|Any CPU
		{171002DA-A573-4549-BBB5-708277683B4D}.Release-2017|Any CPU.ActiveCfg = Release|Any CPU
		{171002DA-A573-4549-BBB5-708277683B4D}.Release-2017|Any CPU.Build.0 = Release|Any CPU
		{171002DA-A573-4549-BBB5-708277683B4D}.Release-2017|x64.ActiveCfg = Release|Any CPU
		{171002DA-A573-4549-BBB5-708277683B4D}.Release-2017|x64.Build.0 = Release|Any CPU
		{171002DA-A573-4549-BBB5-708277683B4D}.Release-2017|x86.ActiveCfg = Release|Any CPU
		{171002DA-A573-4549-BBB5-708277683B4D}.Release-2017|x86.Build.0 = Release|Any CPU
		{171002DA-A573-4549-BBB5-708277683B4D}.Release-2018|Any CPU.ActiveCfg = Release|Any CPU
		{171002DA-A573-4549-BBB5-708277683B4D}.Release-2018|Any CPU.Build.0 = Release|Any CPU
		{171002DA-A573-4549-BBB5-708277683B4D}.Release-2018|x64.ActiveCfg = Release|Any CPU
		{171002DA-A573-4549-BBB5-708277683B4D}.Release-2018|x64.Build.0 = Release|Any CPU
		{171002DA-A573-4549-BBB5-708277683B4D}.Release-2018|x86.ActiveCfg = Release|Any CPU
		{171002DA-A573-4549-BBB5-708277683B4D}.Release-2018|x86.Build.0 = Release|Any CPU
		{171002DA-A573-4549-BBB5-708277683B4D}.Release-2019|Any CPU.ActiveCfg = Release|Any CPU
		{171002DA-A573-4549-BBB5-708277683B4D}.Release-2019|Any CPU.Build.0 = Release|Any CPU
		{171002DA-A573-4549-BBB5-708277683B4D}.Release-2019|x64.ActiveCfg = Release|Any CPU
		{171002DA-A573-4549-BBB5-708277683B4D}.Release-2019|x64.Build.0 = Release|Any CPU
		{171002DA-A573-4549-BBB5-708277683B4D}.Release-2019|x86.ActiveCfg = Release|Any CPU
		{171002DA-A573-4549-BBB5-708277683B4D}.Release-2019|x86.Build.0 = Release|Any CPU
		{171002DA-A573-4549-BBB5-708277683B4D}.Release-2020|Any CPU.ActiveCfg = Release|Any CPU
		{171002DA-A573-4549-BBB5-708277683B4D}.Release-2020|Any CPU.Build.0 = Release|Any CPU
		{171002DA-A573-4549-BBB5-708277683B4D}.Release-2020|x64.ActiveCfg = Release|Any CPU
		{171002DA-A573-4549-BBB5-708277683B4D}.Release-2020|x64.Build.0 = Release|Any CPU
		{171002DA-A573-4549-BBB5-708277683B4D}.Release-2020|x86.ActiveCfg = Release|Any CPU
		{171002DA-A573-4549-BBB5-708277683B4D}.Release-2020|x86.Build.0 = Release|Any CPU
		{2388D458-990B-4573-B1EF-E13E27C3A003}.Debug|Any CPU.ActiveCfg = Debug|Any CPU
		{2388D458-990B-4573-B1EF-E13E27C3A003}.Debug|Any CPU.Build.0 = Debug|Any CPU
		{2388D458-990B-4573-B1EF-E13E27C3A003}.Debug|x64.ActiveCfg = Debug|Any CPU
		{2388D458-990B-4573-B1EF-E13E27C3A003}.Debug|x64.Build.0 = Debug|Any CPU
		{2388D458-990B-4573-B1EF-E13E27C3A003}.Debug|x86.ActiveCfg = Debug|Any CPU
		{2388D458-990B-4573-B1EF-E13E27C3A003}.Debug|x86.Build.0 = Debug|Any CPU
		{2388D458-990B-4573-B1EF-E13E27C3A003}.Debug-2015|Any CPU.ActiveCfg = Debug|Any CPU
		{2388D458-990B-4573-B1EF-E13E27C3A003}.Debug-2015|Any CPU.Build.0 = Debug|Any CPU
		{2388D458-990B-4573-B1EF-E13E27C3A003}.Debug-2015|x64.ActiveCfg = Debug|Any CPU
		{2388D458-990B-4573-B1EF-E13E27C3A003}.Debug-2015|x64.Build.0 = Debug|Any CPU
		{2388D458-990B-4573-B1EF-E13E27C3A003}.Debug-2015|x86.ActiveCfg = Debug|Any CPU
		{2388D458-990B-4573-B1EF-E13E27C3A003}.Debug-2015|x86.Build.0 = Debug|Any CPU
		{2388D458-990B-4573-B1EF-E13E27C3A003}.Debug-2016|Any CPU.ActiveCfg = Debug|Any CPU
		{2388D458-990B-4573-B1EF-E13E27C3A003}.Debug-2016|Any CPU.Build.0 = Debug|Any CPU
		{2388D458-990B-4573-B1EF-E13E27C3A003}.Debug-2016|x64.ActiveCfg = Debug|Any CPU
		{2388D458-990B-4573-B1EF-E13E27C3A003}.Debug-2016|x64.Build.0 = Debug|Any CPU
		{2388D458-990B-4573-B1EF-E13E27C3A003}.Debug-2016|x86.ActiveCfg = Debug|Any CPU
		{2388D458-990B-4573-B1EF-E13E27C3A003}.Debug-2016|x86.Build.0 = Debug|Any CPU
		{2388D458-990B-4573-B1EF-E13E27C3A003}.Debug-2017|Any CPU.ActiveCfg = Debug|Any CPU
		{2388D458-990B-4573-B1EF-E13E27C3A003}.Debug-2017|Any CPU.Build.0 = Debug|Any CPU
		{2388D458-990B-4573-B1EF-E13E27C3A003}.Debug-2017|x64.ActiveCfg = Debug|Any CPU
		{2388D458-990B-4573-B1EF-E13E27C3A003}.Debug-2017|x64.Build.0 = Debug|Any CPU
		{2388D458-990B-4573-B1EF-E13E27C3A003}.Debug-2017|x86.ActiveCfg = Debug|Any CPU
		{2388D458-990B-4573-B1EF-E13E27C3A003}.Debug-2017|x86.Build.0 = Debug|Any CPU
		{2388D458-990B-4573-B1EF-E13E27C3A003}.Debug-2018|Any CPU.ActiveCfg = Debug|Any CPU
		{2388D458-990B-4573-B1EF-E13E27C3A003}.Debug-2018|Any CPU.Build.0 = Debug|Any CPU
		{2388D458-990B-4573-B1EF-E13E27C3A003}.Debug-2018|x64.ActiveCfg = Debug|Any CPU
		{2388D458-990B-4573-B1EF-E13E27C3A003}.Debug-2018|x64.Build.0 = Debug|Any CPU
		{2388D458-990B-4573-B1EF-E13E27C3A003}.Debug-2018|x86.ActiveCfg = Debug|Any CPU
		{2388D458-990B-4573-B1EF-E13E27C3A003}.Debug-2018|x86.Build.0 = Debug|Any CPU
		{2388D458-990B-4573-B1EF-E13E27C3A003}.Debug-2019|Any CPU.ActiveCfg = Debug|Any CPU
		{2388D458-990B-4573-B1EF-E13E27C3A003}.Debug-2019|Any CPU.Build.0 = Debug|Any CPU
		{2388D458-990B-4573-B1EF-E13E27C3A003}.Debug-2019|x64.ActiveCfg = Debug|Any CPU
		{2388D458-990B-4573-B1EF-E13E27C3A003}.Debug-2019|x64.Build.0 = Debug|Any CPU
		{2388D458-990B-4573-B1EF-E13E27C3A003}.Debug-2019|x86.ActiveCfg = Debug|Any CPU
		{2388D458-990B-4573-B1EF-E13E27C3A003}.Debug-2019|x86.Build.0 = Debug|Any CPU
		{2388D458-990B-4573-B1EF-E13E27C3A003}.Debug-2020|Any CPU.ActiveCfg = Debug|Any CPU
		{2388D458-990B-4573-B1EF-E13E27C3A003}.Debug-2020|Any CPU.Build.0 = Debug|Any CPU
		{2388D458-990B-4573-B1EF-E13E27C3A003}.Debug-2020|x64.ActiveCfg = Debug|Any CPU
		{2388D458-990B-4573-B1EF-E13E27C3A003}.Debug-2020|x64.Build.0 = Debug|Any CPU
		{2388D458-990B-4573-B1EF-E13E27C3A003}.Debug-2020|x86.ActiveCfg = Debug|Any CPU
		{2388D458-990B-4573-B1EF-E13E27C3A003}.Debug-2020|x86.Build.0 = Debug|Any CPU
		{2388D458-990B-4573-B1EF-E13E27C3A003}.Release|Any CPU.ActiveCfg = Release|Any CPU
		{2388D458-990B-4573-B1EF-E13E27C3A003}.Release|Any CPU.Build.0 = Release|Any CPU
		{2388D458-990B-4573-B1EF-E13E27C3A003}.Release|x64.ActiveCfg = Release|x64
		{2388D458-990B-4573-B1EF-E13E27C3A003}.Release|x64.Build.0 = Release|x64
		{2388D458-990B-4573-B1EF-E13E27C3A003}.Release|x86.ActiveCfg = Release|Any CPU
		{2388D458-990B-4573-B1EF-E13E27C3A003}.Release|x86.Build.0 = Release|Any CPU
		{2388D458-990B-4573-B1EF-E13E27C3A003}.Release-2015|Any CPU.ActiveCfg = Release|Any CPU
		{2388D458-990B-4573-B1EF-E13E27C3A003}.Release-2015|Any CPU.Build.0 = Release|Any CPU
		{2388D458-990B-4573-B1EF-E13E27C3A003}.Release-2015|x64.ActiveCfg = Release|Any CPU
		{2388D458-990B-4573-B1EF-E13E27C3A003}.Release-2015|x64.Build.0 = Release|Any CPU
		{2388D458-990B-4573-B1EF-E13E27C3A003}.Release-2015|x86.ActiveCfg = Release|Any CPU
		{2388D458-990B-4573-B1EF-E13E27C3A003}.Release-2015|x86.Build.0 = Release|Any CPU
		{2388D458-990B-4573-B1EF-E13E27C3A003}.Release-2016|Any CPU.ActiveCfg = Release|Any CPU
		{2388D458-990B-4573-B1EF-E13E27C3A003}.Release-2016|Any CPU.Build.0 = Release|Any CPU
		{2388D458-990B-4573-B1EF-E13E27C3A003}.Release-2016|x64.ActiveCfg = Release|Any CPU
		{2388D458-990B-4573-B1EF-E13E27C3A003}.Release-2016|x64.Build.0 = Release|Any CPU
		{2388D458-990B-4573-B1EF-E13E27C3A003}.Release-2016|x86.ActiveCfg = Release|Any CPU
		{2388D458-990B-4573-B1EF-E13E27C3A003}.Release-2016|x86.Build.0 = Release|Any CPU
		{2388D458-990B-4573-B1EF-E13E27C3A003}.Release-2017|Any CPU.ActiveCfg = Release|Any CPU
		{2388D458-990B-4573-B1EF-E13E27C3A003}.Release-2017|Any CPU.Build.0 = Release|Any CPU
		{2388D458-990B-4573-B1EF-E13E27C3A003}.Release-2017|x64.ActiveCfg = Release|Any CPU
		{2388D458-990B-4573-B1EF-E13E27C3A003}.Release-2017|x64.Build.0 = Release|Any CPU
		{2388D458-990B-4573-B1EF-E13E27C3A003}.Release-2017|x86.ActiveCfg = Release|Any CPU
		{2388D458-990B-4573-B1EF-E13E27C3A003}.Release-2017|x86.Build.0 = Release|Any CPU
		{2388D458-990B-4573-B1EF-E13E27C3A003}.Release-2018|Any CPU.ActiveCfg = Release|Any CPU
		{2388D458-990B-4573-B1EF-E13E27C3A003}.Release-2018|Any CPU.Build.0 = Release|Any CPU
		{2388D458-990B-4573-B1EF-E13E27C3A003}.Release-2018|x64.ActiveCfg = Release|Any CPU
		{2388D458-990B-4573-B1EF-E13E27C3A003}.Release-2018|x64.Build.0 = Release|Any CPU
		{2388D458-990B-4573-B1EF-E13E27C3A003}.Release-2018|x86.ActiveCfg = Release|Any CPU
		{2388D458-990B-4573-B1EF-E13E27C3A003}.Release-2018|x86.Build.0 = Release|Any CPU
		{2388D458-990B-4573-B1EF-E13E27C3A003}.Release-2019|Any CPU.ActiveCfg = Release|Any CPU
		{2388D458-990B-4573-B1EF-E13E27C3A003}.Release-2019|Any CPU.Build.0 = Release|Any CPU
		{2388D458-990B-4573-B1EF-E13E27C3A003}.Release-2019|x64.ActiveCfg = Release|Any CPU
		{2388D458-990B-4573-B1EF-E13E27C3A003}.Release-2019|x64.Build.0 = Release|Any CPU
		{2388D458-990B-4573-B1EF-E13E27C3A003}.Release-2019|x86.ActiveCfg = Release|Any CPU
		{2388D458-990B-4573-B1EF-E13E27C3A003}.Release-2019|x86.Build.0 = Release|Any CPU
		{2388D458-990B-4573-B1EF-E13E27C3A003}.Release-2020|Any CPU.ActiveCfg = Release|Any CPU
		{2388D458-990B-4573-B1EF-E13E27C3A003}.Release-2020|Any CPU.Build.0 = Release|Any CPU
		{2388D458-990B-4573-B1EF-E13E27C3A003}.Release-2020|x64.ActiveCfg = Release|Any CPU
		{2388D458-990B-4573-B1EF-E13E27C3A003}.Release-2020|x64.Build.0 = Release|Any CPU
		{2388D458-990B-4573-B1EF-E13E27C3A003}.Release-2020|x86.ActiveCfg = Release|Any CPU
		{2388D458-990B-4573-B1EF-E13E27C3A003}.Release-2020|x86.Build.0 = Release|Any CPU
		{C08A902A-404B-4CB9-A395-5743A4453733}.Debug|Any CPU.ActiveCfg = Debug|Any CPU
		{C08A902A-404B-4CB9-A395-5743A4453733}.Debug|Any CPU.Build.0 = Debug|Any CPU
		{C08A902A-404B-4CB9-A395-5743A4453733}.Debug|x64.ActiveCfg = Debug|Any CPU
		{C08A902A-404B-4CB9-A395-5743A4453733}.Debug|x64.Build.0 = Debug|Any CPU
		{C08A902A-404B-4CB9-A395-5743A4453733}.Debug|x86.ActiveCfg = Debug|Any CPU
		{C08A902A-404B-4CB9-A395-5743A4453733}.Debug|x86.Build.0 = Debug|Any CPU
		{C08A902A-404B-4CB9-A395-5743A4453733}.Debug-2015|Any CPU.ActiveCfg = Debug|Any CPU
		{C08A902A-404B-4CB9-A395-5743A4453733}.Debug-2015|Any CPU.Build.0 = Debug|Any CPU
		{C08A902A-404B-4CB9-A395-5743A4453733}.Debug-2015|x64.ActiveCfg = Debug|Any CPU
		{C08A902A-404B-4CB9-A395-5743A4453733}.Debug-2015|x64.Build.0 = Debug|Any CPU
		{C08A902A-404B-4CB9-A395-5743A4453733}.Debug-2015|x86.ActiveCfg = Debug|Any CPU
		{C08A902A-404B-4CB9-A395-5743A4453733}.Debug-2015|x86.Build.0 = Debug|Any CPU
		{C08A902A-404B-4CB9-A395-5743A4453733}.Debug-2016|Any CPU.ActiveCfg = Debug|Any CPU
		{C08A902A-404B-4CB9-A395-5743A4453733}.Debug-2016|Any CPU.Build.0 = Debug|Any CPU
		{C08A902A-404B-4CB9-A395-5743A4453733}.Debug-2016|x64.ActiveCfg = Debug|Any CPU
		{C08A902A-404B-4CB9-A395-5743A4453733}.Debug-2016|x64.Build.0 = Debug|Any CPU
		{C08A902A-404B-4CB9-A395-5743A4453733}.Debug-2016|x86.ActiveCfg = Debug|Any CPU
		{C08A902A-404B-4CB9-A395-5743A4453733}.Debug-2016|x86.Build.0 = Debug|Any CPU
		{C08A902A-404B-4CB9-A395-5743A4453733}.Debug-2017|Any CPU.ActiveCfg = Debug|Any CPU
		{C08A902A-404B-4CB9-A395-5743A4453733}.Debug-2017|Any CPU.Build.0 = Debug|Any CPU
		{C08A902A-404B-4CB9-A395-5743A4453733}.Debug-2017|x64.ActiveCfg = Debug|Any CPU
		{C08A902A-404B-4CB9-A395-5743A4453733}.Debug-2017|x64.Build.0 = Debug|Any CPU
		{C08A902A-404B-4CB9-A395-5743A4453733}.Debug-2017|x86.ActiveCfg = Debug|Any CPU
		{C08A902A-404B-4CB9-A395-5743A4453733}.Debug-2017|x86.Build.0 = Debug|Any CPU
		{C08A902A-404B-4CB9-A395-5743A4453733}.Debug-2018|Any CPU.ActiveCfg = Debug|Any CPU
		{C08A902A-404B-4CB9-A395-5743A4453733}.Debug-2018|Any CPU.Build.0 = Debug|Any CPU
		{C08A902A-404B-4CB9-A395-5743A4453733}.Debug-2018|x64.ActiveCfg = Debug|Any CPU
		{C08A902A-404B-4CB9-A395-5743A4453733}.Debug-2018|x64.Build.0 = Debug|Any CPU
		{C08A902A-404B-4CB9-A395-5743A4453733}.Debug-2018|x86.ActiveCfg = Debug|Any CPU
		{C08A902A-404B-4CB9-A395-5743A4453733}.Debug-2018|x86.Build.0 = Debug|Any CPU
		{C08A902A-404B-4CB9-A395-5743A4453733}.Debug-2019|Any CPU.ActiveCfg = Debug|Any CPU
		{C08A902A-404B-4CB9-A395-5743A4453733}.Debug-2019|Any CPU.Build.0 = Debug|Any CPU
		{C08A902A-404B-4CB9-A395-5743A4453733}.Debug-2019|x64.ActiveCfg = Debug|Any CPU
		{C08A902A-404B-4CB9-A395-5743A4453733}.Debug-2019|x64.Build.0 = Debug|Any CPU
		{C08A902A-404B-4CB9-A395-5743A4453733}.Debug-2019|x86.ActiveCfg = Debug|Any CPU
		{C08A902A-404B-4CB9-A395-5743A4453733}.Debug-2019|x86.Build.0 = Debug|Any CPU
		{C08A902A-404B-4CB9-A395-5743A4453733}.Debug-2020|Any CPU.ActiveCfg = Debug|Any CPU
		{C08A902A-404B-4CB9-A395-5743A4453733}.Debug-2020|Any CPU.Build.0 = Debug|Any CPU
		{C08A902A-404B-4CB9-A395-5743A4453733}.Debug-2020|x64.ActiveCfg = Debug|Any CPU
		{C08A902A-404B-4CB9-A395-5743A4453733}.Debug-2020|x64.Build.0 = Debug|Any CPU
		{C08A902A-404B-4CB9-A395-5743A4453733}.Debug-2020|x86.ActiveCfg = Debug|Any CPU
		{C08A902A-404B-4CB9-A395-5743A4453733}.Debug-2020|x86.Build.0 = Debug|Any CPU
		{C08A902A-404B-4CB9-A395-5743A4453733}.Release|Any CPU.ActiveCfg = Release|Any CPU
		{C08A902A-404B-4CB9-A395-5743A4453733}.Release|Any CPU.Build.0 = Release|Any CPU
		{C08A902A-404B-4CB9-A395-5743A4453733}.Release|x64.ActiveCfg = Release|x64
		{C08A902A-404B-4CB9-A395-5743A4453733}.Release|x64.Build.0 = Release|x64
		{C08A902A-404B-4CB9-A395-5743A4453733}.Release|x86.ActiveCfg = Release|Any CPU
		{C08A902A-404B-4CB9-A395-5743A4453733}.Release|x86.Build.0 = Release|Any CPU
		{C08A902A-404B-4CB9-A395-5743A4453733}.Release-2015|Any CPU.ActiveCfg = Release|Any CPU
		{C08A902A-404B-4CB9-A395-5743A4453733}.Release-2015|Any CPU.Build.0 = Release|Any CPU
		{C08A902A-404B-4CB9-A395-5743A4453733}.Release-2015|x64.ActiveCfg = Release|Any CPU
		{C08A902A-404B-4CB9-A395-5743A4453733}.Release-2015|x64.Build.0 = Release|Any CPU
		{C08A902A-404B-4CB9-A395-5743A4453733}.Release-2015|x86.ActiveCfg = Release|Any CPU
		{C08A902A-404B-4CB9-A395-5743A4453733}.Release-2015|x86.Build.0 = Release|Any CPU
		{C08A902A-404B-4CB9-A395-5743A4453733}.Release-2016|Any CPU.ActiveCfg = Release|Any CPU
		{C08A902A-404B-4CB9-A395-5743A4453733}.Release-2016|Any CPU.Build.0 = Release|Any CPU
		{C08A902A-404B-4CB9-A395-5743A4453733}.Release-2016|x64.ActiveCfg = Release|Any CPU
		{C08A902A-404B-4CB9-A395-5743A4453733}.Release-2016|x64.Build.0 = Release|Any CPU
		{C08A902A-404B-4CB9-A395-5743A4453733}.Release-2016|x86.ActiveCfg = Release|Any CPU
		{C08A902A-404B-4CB9-A395-5743A4453733}.Release-2016|x86.Build.0 = Release|Any CPU
		{C08A902A-404B-4CB9-A395-5743A4453733}.Release-2017|Any CPU.ActiveCfg = Release|Any CPU
		{C08A902A-404B-4CB9-A395-5743A4453733}.Release-2017|Any CPU.Build.0 = Release|Any CPU
		{C08A902A-404B-4CB9-A395-5743A4453733}.Release-2017|x64.ActiveCfg = Release|Any CPU
		{C08A902A-404B-4CB9-A395-5743A4453733}.Release-2017|x64.Build.0 = Release|Any CPU
		{C08A902A-404B-4CB9-A395-5743A4453733}.Release-2017|x86.ActiveCfg = Release|Any CPU
		{C08A902A-404B-4CB9-A395-5743A4453733}.Release-2017|x86.Build.0 = Release|Any CPU
		{C08A902A-404B-4CB9-A395-5743A4453733}.Release-2018|Any CPU.ActiveCfg = Release|Any CPU
		{C08A902A-404B-4CB9-A395-5743A4453733}.Release-2018|Any CPU.Build.0 = Release|Any CPU
		{C08A902A-404B-4CB9-A395-5743A4453733}.Release-2018|x64.ActiveCfg = Release|Any CPU
		{C08A902A-404B-4CB9-A395-5743A4453733}.Release-2018|x64.Build.0 = Release|Any CPU
		{C08A902A-404B-4CB9-A395-5743A4453733}.Release-2018|x86.ActiveCfg = Release|Any CPU
		{C08A902A-404B-4CB9-A395-5743A4453733}.Release-2018|x86.Build.0 = Release|Any CPU
		{C08A902A-404B-4CB9-A395-5743A4453733}.Release-2019|Any CPU.ActiveCfg = Release|Any CPU
		{C08A902A-404B-4CB9-A395-5743A4453733}.Release-2019|Any CPU.Build.0 = Release|Any CPU
		{C08A902A-404B-4CB9-A395-5743A4453733}.Release-2019|x64.ActiveCfg = Release|Any CPU
		{C08A902A-404B-4CB9-A395-5743A4453733}.Release-2019|x64.Build.0 = Release|Any CPU
		{C08A902A-404B-4CB9-A395-5743A4453733}.Release-2019|x86.ActiveCfg = Release|Any CPU
		{C08A902A-404B-4CB9-A395-5743A4453733}.Release-2019|x86.Build.0 = Release|Any CPU
		{C08A902A-404B-4CB9-A395-5743A4453733}.Release-2020|Any CPU.ActiveCfg = Release|Any CPU
		{C08A902A-404B-4CB9-A395-5743A4453733}.Release-2020|Any CPU.Build.0 = Release|Any CPU
		{C08A902A-404B-4CB9-A395-5743A4453733}.Release-2020|x64.ActiveCfg = Release|Any CPU
		{C08A902A-404B-4CB9-A395-5743A4453733}.Release-2020|x64.Build.0 = Release|Any CPU
		{C08A902A-404B-4CB9-A395-5743A4453733}.Release-2020|x86.ActiveCfg = Release|Any CPU
		{C08A902A-404B-4CB9-A395-5743A4453733}.Release-2020|x86.Build.0 = Release|Any CPU
	EndGlobalSection
	GlobalSection(SolutionProperties) = preSolution
		HideSolutionNode = FALSE
	EndGlobalSection
	GlobalSection(NestedProjects) = preSolution
		{4F1C0A21-9543-49D1-AA7E-F69EEA02F905} = {B6823317-E2AC-47C9-944B-093A084DCB86}
		{8E95AEFD-8036-4588-BE15-9D852260B83A} = {B6823317-E2AC-47C9-944B-093A084DCB86}
		{171002DA-A573-4549-BBB5-708277683B4D} = {B6823317-E2AC-47C9-944B-093A084DCB86}
		{2388D458-990B-4573-B1EF-E13E27C3A003} = {B6823317-E2AC-47C9-944B-093A084DCB86}
		{C08A902A-404B-4CB9-A395-5743A4453733} = {A7C3B085-2345-4D50-8D75-16C4429D18C0}
	EndGlobalSection
	GlobalSection(ExtensibilityGlobals) = postSolution
		SolutionGuid = {440C743A-A1DD-46EA-A56F-5A92471914C6}
	EndGlobalSection
EndGlobal
